
Microsoft Visual Studio Solution File, Format Version 12.00
# Visual Studio Version 17
VisualStudioVersion = 17.6.33829.357
MinimumVisualStudioVersion = 10.0.40219.1
Project("{FAE04EC0-301F-11D3-BF4B-00C04F79EFBC}") = "LINQ_30 exercises", "LINQ_30 exercises\LINQ_30 exercises.csproj", "{0D090728-0BE2-45EF-B58A-0223224F171D}"
EndProject
Global
	GlobalSection(SolutionConfigurationPlatforms) = preSolution
		Debug|Any CPU = Debug|Any CPU
		Release|Any CPU = Release|Any CPU
	EndGlobalSection
	GlobalSection(ProjectConfigurationPlatforms) = postSolution
		{0D090728-0BE2-45EF-B58A-0223224F171D}.Debug|Any CPU.ActiveCfg = Debug|Any CPU
		{0D090728-0BE2-45EF-B58A-0223224F171D}.Debug|Any CPU.Build.0 = Debug|Any CPU
		{0D090728-0BE2-45EF-B58A-0223224F171D}.Release|Any CPU.ActiveCfg = Release|Any CPU
		{0D090728-0BE2-45EF-B58A-0223224F171D}.Release|Any CPU.Build.0 = Release|Any CPU
	EndGlobalSection
	GlobalSection(SolutionProperties) = preSolution
		HideSolutionNode = FALSE
	EndGlobalSection
	GlobalSection(ExtensibilityGlobals) = postSolution
		SolutionGuid = {B7D43E43-31B2-4DD6-8AD9-04C0897CDDAD}
	EndGlobalSection
EndGlobal
